// !$*UTF8*$!
{
	archiveVersion = 1;
	classes = {
	};
	objectVersion = 56;
	objects = {

/* Begin PBXBuildFile section */
		8E4373CB293D879E00379421 /* RezerwacjeApp.swift in Sources */ = {isa = PBXBuildFile; fileRef = 8E4373CA293D879E00379421 /* RezerwacjeApp.swift */; };
		8E4373CF293D87A000379421 /* Assets.xcassets in Resources */ = {isa = PBXBuildFile; fileRef = 8E4373CE293D87A000379421 /* Assets.xcassets */; };
		8E4373DC293D87A100379421 /* RezerwacjeTests.swift in Sources */ = {isa = PBXBuildFile; fileRef = 8E4373DB293D87A100379421 /* RezerwacjeTests.swift */; };
		8E4373E6293D87A100379421 /* RezerwacjeUITests.swift in Sources */ = {isa = PBXBuildFile; fileRef = 8E4373E5293D87A100379421 /* RezerwacjeUITests.swift */; };
		8E4373E8293D87A100379421 /* RezerwacjeUITestsLaunchTests.swift in Sources */ = {isa = PBXBuildFile; fileRef = 8E4373E7293D87A100379421 /* RezerwacjeUITestsLaunchTests.swift */; };
		8EE67B0B294B34BC00D93905 /* MainPageView.swift in Sources */ = {isa = PBXBuildFile; fileRef = 8EE67B0A294B34BC00D93905 /* MainPageView.swift */; };
		8EE67B0E294BE70D00D93905 /* DetailPageView.swift in Sources */ = {isa = PBXBuildFile; fileRef = 8EE67B0D294BE70D00D93905 /* DetailPageView.swift */; };
		8EE67B10294BE78300D93905 /* LoginPageView.swift in Sources */ = {isa = PBXBuildFile; fileRef = 8EE67B0F294BE78300D93905 /* LoginPageView.swift */; };
		8EE67B12294BE92400D93905 /* ReservationRow.swift in Sources */ = {isa = PBXBuildFile; fileRef = 8EE67B11294BE92400D93905 /* ReservationRow.swift */; };
		8EE67B15294BE9AC00D93905 /* Reservation.swift in Sources */ = {isa = PBXBuildFile; fileRef = 8EE67B14294BE9AC00D93905 /* Reservation.swift */; };
		8EE67B18294C60FB00D93905 /* MapView.swift in Sources */ = {isa = PBXBuildFile; fileRef = 8EE67B17294C60FB00D93905 /* MapView.swift */; };
		8EFA7B5A2979A17500A8E119 /* Network.swift in Sources */ = {isa = PBXBuildFile; fileRef = 8EFA7B592979A17500A8E119 /* Network.swift */; };
		8EFA7B5C2979A28E00A8E119 /* User.swift in Sources */ = {isa = PBXBuildFile; fileRef = 8EFA7B5B2979A28E00A8E119 /* User.swift */; };
		8EFA7B602979AEBF00A8E119 /* ContentView.swift in Sources */ = {isa = PBXBuildFile; fileRef = 8EFA7B5F2979AEBF00A8E119 /* ContentView.swift */; };
/* End PBXBuildFile section */

/* Begin PBXContainerItemProxy section */
		8E4373D8293D87A100379421 /* PBXContainerItemProxy */ = {
			isa = PBXContainerItemProxy;
			containerPortal = 8E4373BF293D879E00379421 /* Project object */;
			proxyType = 1;
			remoteGlobalIDString = 8E4373C6293D879E00379421;
			remoteInfo = Rezerwacje;
		};
		8E4373E2293D87A100379421 /* PBXContainerItemProxy */ = {
			isa = PBXContainerItemProxy;
			containerPortal = 8E4373BF293D879E00379421 /* Project object */;
			proxyType = 1;
			remoteGlobalIDString = 8E4373C6293D879E00379421;
			remoteInfo = Rezerwacje;
		};
/* End PBXContainerItemProxy section */

/* Begin PBXFileReference section */
		8E4373C7293D879E00379421 /* Rezerwacje.app */ = {isa = PBXFileReference; explicitFileType = wrapper.application; includeInIndex = 0; path = Rezerwacje.app; sourceTree = BUILT_PRODUCTS_DIR; };
		8E4373CA293D879E00379421 /* RezerwacjeApp.swift */ = {isa = PBXFileReference; lastKnownFileType = sourcecode.swift; path = RezerwacjeApp.swift; sourceTree = "<group>"; };
		8E4373CE293D87A000379421 /* Assets.xcassets */ = {isa = PBXFileReference; lastKnownFileType = folder.assetcatalog; path = Assets.xcassets; sourceTree = "<group>"; };
		8E4373D7293D87A100379421 /* RezerwacjeTests.xctest */ = {isa = PBXFileReference; explicitFileType = wrapper.cfbundle; includeInIndex = 0; path = RezerwacjeTests.xctest; sourceTree = BUILT_PRODUCTS_DIR; };
		8E4373DB293D87A100379421 /* RezerwacjeTests.swift */ = {isa = PBXFileReference; lastKnownFileType = sourcecode.swift; path = RezerwacjeTests.swift; sourceTree = "<group>"; };
		8E4373E1293D87A100379421 /* RezerwacjeUITests.xctest */ = {isa = PBXFileReference; explicitFileType = wrapper.cfbundle; includeInIndex = 0; path = RezerwacjeUITests.xctest; sourceTree = BUILT_PRODUCTS_DIR; };
		8E4373E5293D87A100379421 /* RezerwacjeUITests.swift */ = {isa = PBXFileReference; lastKnownFileType = sourcecode.swift; path = RezerwacjeUITests.swift; sourceTree = "<group>"; };
		8E4373E7293D87A100379421 /* RezerwacjeUITestsLaunchTests.swift */ = {isa = PBXFileReference; lastKnownFileType = sourcecode.swift; path = RezerwacjeUITestsLaunchTests.swift; sourceTree = "<group>"; };
		8EE67B0A294B34BC00D93905 /* MainPageView.swift */ = {isa = PBXFileReference; lastKnownFileType = sourcecode.swift; path = MainPageView.swift; sourceTree = "<group>"; };
		8EE67B0D294BE70D00D93905 /* DetailPageView.swift */ = {isa = PBXFileReference; lastKnownFileType = sourcecode.swift; path = DetailPageView.swift; sourceTree = "<group>"; };
		8EE67B0F294BE78300D93905 /* LoginPageView.swift */ = {isa = PBXFileReference; lastKnownFileType = sourcecode.swift; path = LoginPageView.swift; sourceTree = "<group>"; };
		8EE67B11294BE92400D93905 /* ReservationRow.swift */ = {isa = PBXFileReference; lastKnownFileType = sourcecode.swift; path = ReservationRow.swift; sourceTree = "<group>"; };
		8EE67B14294BE9AC00D93905 /* Reservation.swift */ = {isa = PBXFileReference; lastKnownFileType = sourcecode.swift; path = Reservation.swift; sourceTree = "<group>"; };
		8EE67B16294C0F6700D93905 /* Rezerwacje.entitlements */ = {isa = PBXFileReference; lastKnownFileType = text.plist.entitlements; path = Rezerwacje.entitlements; sourceTree = "<group>"; };
		8EE67B17294C60FB00D93905 /* MapView.swift */ = {isa = PBXFileReference; lastKnownFileType = sourcecode.swift; path = MapView.swift; sourceTree = "<group>"; };
		8EFA7B592979A17500A8E119 /* Network.swift */ = {isa = PBXFileReference; lastKnownFileType = sourcecode.swift; path = Network.swift; sourceTree = "<group>"; };
		8EFA7B5B2979A28E00A8E119 /* User.swift */ = {isa = PBXFileReference; lastKnownFileType = sourcecode.swift; path = User.swift; sourceTree = "<group>"; };
		8EFA7B5F2979AEBF00A8E119 /* ContentView.swift */ = {isa = PBXFileReference; lastKnownFileType = sourcecode.swift; path = ContentView.swift; sourceTree = "<group>"; };
/* End PBXFileReference section */

/* Begin PBXFrameworksBuildPhase section */
		8E4373C4293D879E00379421 /* Frameworks */ = {
			isa = PBXFrameworksBuildPhase;
			buildActionMask = 2147483647;
			files = (
			);
			runOnlyForDeploymentPostprocessing = 0;
		};
		8E4373D4293D87A100379421 /* Frameworks */ = {
			isa = PBXFrameworksBuildPhase;
			buildActionMask = 2147483647;
			files = (
			);
			runOnlyForDeploymentPostprocessing = 0;
		};
		8E4373DE293D87A100379421 /* Frameworks */ = {
			isa = PBXFrameworksBuildPhase;
			buildActionMask = 2147483647;
			files = (
			);
			runOnlyForDeploymentPostprocessing = 0;
		};
/* End PBXFrameworksBuildPhase section */

/* Begin PBXGroup section */
		8E4373BE293D879E00379421 = {
			isa = PBXGroup;
			children = (
				8E4373C9293D879E00379421 /* Rezerwacje */,
				8E4373DA293D87A100379421 /* RezerwacjeTests */,
				8E4373E4293D87A100379421 /* RezerwacjeUITests */,
				8E4373C8293D879E00379421 /* Products */,
			);
			sourceTree = "<group>";
		};
		8E4373C8293D879E00379421 /* Products */ = {
			isa = PBXGroup;
			children = (
				8E4373C7293D879E00379421 /* Rezerwacje.app */,
				8E4373D7293D87A100379421 /* RezerwacjeTests.xctest */,
				8E4373E1293D87A100379421 /* RezerwacjeUITests.xctest */,
			);
			name = Products;
			sourceTree = "<group>";
		};
		8E4373C9293D879E00379421 /* Rezerwacje */ = {
			isa = PBXGroup;
			children = (
				8EE67B16294C0F6700D93905 /* Rezerwacje.entitlements */,
				8E4373CA293D879E00379421 /* RezerwacjeApp.swift */,
				8EFA7B592979A17500A8E119 /* Network.swift */,
				8EE67B0C294B397200D93905 /* Views */,
				8EE67B13294BE97900D93905 /* Model */,
				8E4373CE293D87A000379421 /* Assets.xcassets */,
			);
			path = Rezerwacje;
			sourceTree = "<group>";
		};
		8E4373DA293D87A100379421 /* RezerwacjeTests */ = {
			isa = PBXGroup;
			children = (
				8E4373DB293D87A100379421 /* RezerwacjeTests.swift */,
			);
			path = RezerwacjeTests;
			sourceTree = "<group>";
		};
		8E4373E4293D87A100379421 /* RezerwacjeUITests */ = {
			isa = PBXGroup;
			children = (
				8E4373E5293D87A100379421 /* RezerwacjeUITests.swift */,
				8E4373E7293D87A100379421 /* RezerwacjeUITestsLaunchTests.swift */,
			);
			path = RezerwacjeUITests;
			sourceTree = "<group>";
		};
		8EE67B0C294B397200D93905 /* Views */ = {
			isa = PBXGroup;
			children = (
				8EE67B0F294BE78300D93905 /* LoginPageView.swift */,
				8EE67B0A294B34BC00D93905 /* MainPageView.swift */,
				8EE67B0D294BE70D00D93905 /* DetailPageView.swift */,
				8EE67B11294BE92400D93905 /* ReservationRow.swift */,
				8EE67B17294C60FB00D93905 /* MapView.swift */,
				8EFA7B5F2979AEBF00A8E119 /* ContentView.swift */,
			);
			path = Views;
			sourceTree = "<group>";
		};
		8EE67B13294BE97900D93905 /* Model */ = {
			isa = PBXGroup;
			children = (
				8EE67B14294BE9AC00D93905 /* Reservation.swift */,
				8EFA7B5B2979A28E00A8E119 /* User.swift */,
			);
			path = Model;
			sourceTree = "<group>";
		};
/* End PBXGroup section */

/* Begin PBXNativeTarget section */
		8E4373C6293D879E00379421 /* Rezerwacje */ = {
			isa = PBXNativeTarget;
			buildConfigurationList = 8E4373EB293D87A100379421 /* Build configuration list for PBXNativeTarget "Rezerwacje" */;
			buildPhases = (
				8E4373C3293D879E00379421 /* Sources */,
				8E4373C4293D879E00379421 /* Frameworks */,
				8E4373C5293D879E00379421 /* Resources */,
			);
			buildRules = (
			);
			dependencies = (
			);
			name = Rezerwacje;
			productName = Rezerwacje;
			productReference = 8E4373C7293D879E00379421 /* Rezerwacje.app */;
			productType = "com.apple.product-type.application";
		};
		8E4373D6293D87A100379421 /* RezerwacjeTests */ = {
			isa = PBXNativeTarget;
			buildConfigurationList = 8E4373EE293D87A100379421 /* Build configuration list for PBXNativeTarget "RezerwacjeTests" */;
			buildPhases = (
				8E4373D3293D87A100379421 /* Sources */,
				8E4373D4293D87A100379421 /* Frameworks */,
				8E4373D5293D87A100379421 /* Resources */,
			);
			buildRules = (
			);
			dependencies = (
				8E4373D9293D87A100379421 /* PBXTargetDependency */,
			);
			name = RezerwacjeTests;
			productName = RezerwacjeTests;
			productReference = 8E4373D7293D87A100379421 /* RezerwacjeTests.xctest */;
			productType = "com.apple.product-type.bundle.unit-test";
		};
		8E4373E0293D87A100379421 /* RezerwacjeUITests */ = {
			isa = PBXNativeTarget;
			buildConfigurationList = 8E4373F1293D87A100379421 /* Build configuration list for PBXNativeTarget "RezerwacjeUITests" */;
			buildPhases = (
				8E4373DD293D87A100379421 /* Sources */,
				8E4373DE293D87A100379421 /* Frameworks */,
				8E4373DF293D87A100379421 /* Resources */,
			);
			buildRules = (
			);
			dependencies = (
				8E4373E3293D87A100379421 /* PBXTargetDependency */,
			);
			name = RezerwacjeUITests;
			productName = RezerwacjeUITests;
			productReference = 8E4373E1293D87A100379421 /* RezerwacjeUITests.xctest */;
			productType = "com.apple.product-type.bundle.ui-testing";
		};
/* End PBXNativeTarget section */

/* Begin PBXProject section */
		8E4373BF293D879E00379421 /* Project object */ = {
			isa = PBXProject;
			attributes = {
				BuildIndependentTargetsInParallel = 1;
				LastSwiftUpdateCheck = 1410;
				LastUpgradeCheck = 1410;
				TargetAttributes = {
					8E4373C6293D879E00379421 = {
						CreatedOnToolsVersion = 14.1;
					};
					8E4373D6293D87A100379421 = {
						CreatedOnToolsVersion = 14.1;
						TestTargetID = 8E4373C6293D879E00379421;
					};
					8E4373E0293D87A100379421 = {
						CreatedOnToolsVersion = 14.1;
						TestTargetID = 8E4373C6293D879E00379421;
					};
				};
			};
			buildConfigurationList = 8E4373C2293D879E00379421 /* Build configuration list for PBXProject "Rezerwacje" */;
			compatibilityVersion = "Xcode 14.0";
			developmentRegion = en;
			hasScannedForEncodings = 0;
			knownRegions = (
				en,
				Base,
			);
			mainGroup = 8E4373BE293D879E00379421;
			productRefGroup = 8E4373C8293D879E00379421 /* Products */;
			projectDirPath = "";
			projectRoot = "";
			targets = (
				8E4373C6293D879E00379421 /* Rezerwacje */,
				8E4373D6293D87A100379421 /* RezerwacjeTests */,
				8E4373E0293D87A100379421 /* RezerwacjeUITests */,
			);
		};
/* End PBXProject section */

/* Begin PBXResourcesBuildPhase section */
		8E4373C5293D879E00379421 /* Resources */ = {
			isa = PBXResourcesBuildPhase;
			buildActionMask = 2147483647;
			files = (
				8E4373CF293D87A000379421 /* Assets.xcassets in Resources */,
			);
			runOnlyForDeploymentPostprocessing = 0;
		};
		8E4373D5293D87A100379421 /* Resources */ = {
			isa = PBXResourcesBuildPhase;
			buildActionMask = 2147483647;
			files = (
			);
			runOnlyForDeploymentPostprocessing = 0;
		};
		8E4373DF293D87A100379421 /* Resources */ = {
			isa = PBXResourcesBuildPhase;
			buildActionMask = 2147483647;
			files = (
			);
			runOnlyForDeploymentPostprocessing = 0;
		};
/* End PBXResourcesBuildPhase section */

/* Begin PBXSourcesBuildPhase section */
		8E4373C3293D879E00379421 /* Sources */ = {
			isa = PBXSourcesBuildPhase;
			buildActionMask = 2147483647;
			files = (
				8EE67B18294C60FB00D93905 /* MapView.swift in Sources */,
				8E4373CB293D879E00379421 /* RezerwacjeApp.swift in Sources */,
				8EFA7B5A2979A17500A8E119 /* Network.swift in Sources */,
				8EE67B0E294BE70D00D93905 /* DetailPageView.swift in Sources */,
				8EE67B15294BE9AC00D93905 /* Reservation.swift in Sources */,
				8EFA7B5C2979A28E00A8E119 /* User.swift in Sources */,
				8EFA7B602979AEBF00A8E119 /* ContentView.swift in Sources */,
				8EE67B10294BE78300D93905 /* LoginPageView.swift in Sources */,
				8EE67B0B294B34BC00D93905 /* MainPageView.swift in Sources */,
				8EE67B12294BE92400D93905 /* ReservationRow.swift in Sources */,
			);
			runOnlyForDeploymentPostprocessing = 0;
		};
		8E4373D3293D87A100379421 /* Sources */ = {
			isa = PBXSourcesBuildPhase;
			buildActionMask = 2147483647;
			files = (
				8E4373DC293D87A100379421 /* RezerwacjeTests.swift in Sources */,
			);
			runOnlyForDeploymentPostprocessing = 0;
		};
		8E4373DD293D87A100379421 /* Sources */ = {
			isa = PBXSourcesBuildPhase;
			buildActionMask = 2147483647;
			files = (
				8E4373E8293D87A100379421 /* RezerwacjeUITestsLaunchTests.swift in Sources */,
				8E4373E6293D87A100379421 /* RezerwacjeUITests.swift in Sources */,
			);
			runOnlyForDeploymentPostprocessing = 0;
		};
/* End PBXSourcesBuildPhase section */

/* Begin PBXTargetDependency section */
		8E4373D9293D87A100379421 /* PBXTargetDependency */ = {
			isa = PBXTargetDependency;
			target = 8E4373C6293D879E00379421 /* Rezerwacje */;
			targetProxy = 8E4373D8293D87A100379421 /* PBXContainerItemProxy */;
		};
		8E4373E3293D87A100379421 /* PBXTargetDependency */ = {
			isa = PBXTargetDependency;
			target = 8E4373C6293D879E00379421 /* Rezerwacje */;
			targetProxy = 8E4373E2293D87A100379421 /* PBXContainerItemProxy */;
		};
/* End PBXTargetDependency section */

/* Begin XCBuildConfiguration section */
		8E4373E9293D87A100379421 /* Debug */ = {
			isa = XCBuildConfiguration;
			buildSettings = {
				ALWAYS_SEARCH_USER_PATHS = NO;
				CLANG_ANALYZER_NONNULL = YES;
				CLANG_ANALYZER_NUMBER_OBJECT_CONVERSION = YES_AGGRESSIVE;
				CLANG_CXX_LANGUAGE_STANDARD = "gnu++20";
				CLANG_ENABLE_MODULES = YES;
				CLANG_ENABLE_OBJC_ARC = YES;
				CLANG_ENABLE_OBJC_WEAK = YES;
				CLANG_WARN_BLOCK_CAPTURE_AUTORELEASING = YES;
				CLANG_WARN_BOOL_CONVERSION = YES;
				CLANG_WARN_COMMA = YES;
				CLANG_WARN_CONSTANT_CONVERSION = YES;
				CLANG_WARN_DEPRECATED_OBJC_IMPLEMENTATIONS = YES;
				CLANG_WARN_DIRECT_OBJC_ISA_USAGE = YES_ERROR;
				CLANG_WARN_DOCUMENTATION_COMMENTS = YES;
				CLANG_WARN_EMPTY_BODY = YES;
				CLANG_WARN_ENUM_CONVERSION = YES;
				CLANG_WARN_INFINITE_RECURSION = YES;
				CLANG_WARN_INT_CONVERSION = YES;
				CLANG_WARN_NON_LITERAL_NULL_CONVERSION = YES;
				CLANG_WARN_OBJC_IMPLICIT_RETAIN_SELF = YES;
				CLANG_WARN_OBJC_LITERAL_CONVERSION = YES;
				CLANG_WARN_OBJC_ROOT_CLASS = YES_ERROR;
				CLANG_WARN_QUOTED_INCLUDE_IN_FRAMEWORK_HEADER = YES;
				CLANG_WARN_RANGE_LOOP_ANALYSIS = YES;
				CLANG_WARN_STRICT_PROTOTYPES = YES;
				CLANG_WARN_SUSPICIOUS_MOVE = YES;
				CLANG_WARN_UNGUARDED_AVAILABILITY = YES_AGGRESSIVE;
				CLANG_WARN_UNREACHABLE_CODE = YES;
				CLANG_WARN__DUPLICATE_METHOD_MATCH = YES;
				COPY_PHASE_STRIP = NO;
				DEBUG_INFORMATION_FORMAT = dwarf;
				ENABLE_STRICT_OBJC_MSGSEND = YES;
				ENABLE_TESTABILITY = YES;
				GCC_C_LANGUAGE_STANDARD = gnu11;
				GCC_DYNAMIC_NO_PIC = NO;
				GCC_NO_COMMON_BLOCKS = YES;
				GCC_OPTIMIZATION_LEVEL = 0;
				GCC_PREPROCESSOR_DEFINITIONS = (
					"DEBUG=1",
					"$(inherited)",
				);
				GCC_WARN_64_TO_32_BIT_CONVERSION = YES;
				GCC_WARN_ABOUT_RETURN_TYPE = YES_ERROR;
				GCC_WARN_UNDECLARED_SELECTOR = YES;
				GCC_WARN_UNINITIALIZED_AUTOS = YES_AGGRESSIVE;
				GCC_WARN_UNUSED_FUNCTION = YES;
				GCC_WARN_UNUSED_VARIABLE = YES;
				IPHONEOS_DEPLOYMENT_TARGET = 16.1;
				MTL_ENABLE_DEBUG_INFO = INCLUDE_SOURCE;
				MTL_FAST_MATH = YES;
				ONLY_ACTIVE_ARCH = YES;
				SDKROOT = iphoneos;
				SWIFT_ACTIVE_COMPILATION_CONDITIONS = DEBUG;
				SWIFT_OPTIMIZATION_LEVEL = "-Onone";
			};
			name = Debug;
		};
		8E4373EA293D87A100379421 /* Release */ = {
			isa = XCBuildConfiguration;
			buildSettings = {
				ALWAYS_SEARCH_USER_PATHS = NO;
				CLANG_ANALYZER_NONNULL = YES;
				CLANG_ANALYZER_NUMBER_OBJECT_CONVERSION = YES_AGGRESSIVE;
				CLANG_CXX_LANGUAGE_STANDARD = "gnu++20";
				CLANG_ENABLE_MODULES = YES;
				CLANG_ENABLE_OBJC_ARC = YES;
				CLANG_ENABLE_OBJC_WEAK = YES;
				CLANG_WARN_BLOCK_CAPTURE_AUTORELEASING = YES;
				CLANG_WARN_BOOL_CONVERSION = YES;
				CLANG_WARN_COMMA = YES;
				CLANG_WARN_CONSTANT_CONVERSION = YES;
				CLANG_WARN_DEPRECATED_OBJC_IMPLEMENTATIONS = YES;
				CLANG_WARN_DIRECT_OBJC_ISA_USAGE = YES_ERROR;
				CLANG_WARN_DOCUMENTATION_COMMENTS = YES;
				CLANG_WARN_EMPTY_BODY = YES;
				CLANG_WARN_ENUM_CONVERSION = YES;
				CLANG_WARN_INFINITE_RECURSION = YES;
				CLANG_WARN_INT_CONVERSION = YES;
				CLANG_WARN_NON_LITERAL_NULL_CONVERSION = YES;
				CLANG_WARN_OBJC_IMPLICIT_RETAIN_SELF = YES;
				CLANG_WARN_OBJC_LITERAL_CONVERSION = YES;
				CLANG_WARN_OBJC_ROOT_CLASS = YES_ERROR;
				CLANG_WARN_QUOTED_INCLUDE_IN_FRAMEWORK_HEADER = YES;
				CLANG_WARN_RANGE_LOOP_ANALYSIS = YES;
				CLANG_WARN_STRICT_PROTOTYPES = YES;
				CLANG_WARN_SUSPICIOUS_MOVE = YES;
				CLANG_WARN_UNGUARDED_AVAILABILITY = YES_AGGRESSIVE;
				CLANG_WARN_UNREACHABLE_CODE = YES;
				CLANG_WARN__DUPLICATE_METHOD_MATCH = YES;
				COPY_PHASE_STRIP = NO;
				DEBUG_INFORMATION_FORMAT = "dwarf-with-dsym";
				ENABLE_NS_ASSERTIONS = NO;
				ENABLE_STRICT_OBJC_MSGSEND = YES;
				GCC_C_LANGUAGE_STANDARD = gnu11;
				GCC_NO_COMMON_BLOCKS = YES;
				GCC_WARN_64_TO_32_BIT_CONVERSION = YES;
				GCC_WARN_ABOUT_RETURN_TYPE = YES_ERROR;
				GCC_WARN_UNDECLARED_SELECTOR = YES;
				GCC_WARN_UNINITIALIZED_AUTOS = YES_AGGRESSIVE;
				GCC_WARN_UNUSED_FUNCTION = YES;
				GCC_WARN_UNUSED_VARIABLE = YES;
				IPHONEOS_DEPLOYMENT_TARGET = 16.1;
				MTL_ENABLE_DEBUG_INFO = NO;
				MTL_FAST_MATH = YES;
				SDKROOT = iphoneos;
				SWIFT_COMPILATION_MODE = wholemodule;
				SWIFT_OPTIMIZATION_LEVEL = "-O";
				VALIDATE_PRODUCT = YES;
			};
			name = Release;
		};
		8E4373EC293D87A100379421 /* Debug */ = {
			isa = XCBuildConfiguration;
			buildSettings = {
				ASSETCATALOG_COMPILER_APPICON_NAME = AppIcon;
				ASSETCATALOG_COMPILER_GLOBAL_ACCENT_COLOR_NAME = AccentColor;
				CODE_SIGN_ENTITLEMENTS = Rezerwacje/Rezerwacje.entitlements;
				CODE_SIGN_STYLE = Automatic;
				CURRENT_PROJECT_VERSION = 1;
				DEVELOPMENT_ASSET_PATHS = "\"Rezerwacje/Preview Content\"";
				ENABLE_PREVIEWS = YES;
				GENERATE_INFOPLIST_FILE = YES;
				INFOPLIST_KEY_UIApplicationSceneManifest_Generation = YES;
				INFOPLIST_KEY_UIApplicationSupportsIndirectInputEvents = YES;
				INFOPLIST_KEY_UILaunchScreen_Generation = YES;
				INFOPLIST_KEY_UISupportedInterfaceOrientations_iPad = "UIInterfaceOrientationPortrait UIInterfaceOrientationPortraitUpsideDown UIInterfaceOrientationLandscapeLeft UIInterfaceOrientationLandscapeRight";
				INFOPLIST_KEY_UISupportedInterfaceOrientations_iPhone = "UIInterfaceOrientationPortrait UIInterfaceOrientationLandscapeLeft UIInterfaceOrientationLandscapeRight";
				LD_RUNPATH_SEARCH_PATHS = (
					"$(inherited)",
					"@executable_path/Frameworks",
				);
				MARKETING_VERSION = 1.0;
				PRODUCT_BUNDLE_IDENTIFIER = Kamil.Rezerwacje;
				PRODUCT_NAME = "$(TARGET_NAME)";
				SWIFT_EMIT_LOC_STRINGS = YES;
				SWIFT_VERSION = 5.0;
				TARGETED_DEVICE_FAMILY = "1,2";
			};
			name = Debug;
		};
		8E4373ED293D87A100379421 /* Release */ = {
			isa = XCBuildConfiguration;
			buildSettings = {
				ASSETCATALOG_COMPILER_APPICON_NAME = AppIcon;
				ASSETCATALOG_COMPILER_GLOBAL_ACCENT_COLOR_NAME = AccentColor;
				CODE_SIGN_ENTITLEMENTS = Rezerwacje/Rezerwacje.entitlements;
				CODE_SIGN_STYLE = Automatic;
				CURRENT_PROJECT_VERSION = 1;
				DEVELOPMENT_ASSET_PATHS = "\"Rezerwacje/Preview Content\"";
				ENABLE_PREVIEWS = YES;
				GENERATE_INFOPLIST_FILE = YES;
				INFOPLIST_KEY_UIApplicationSceneManifest_Generation = YES;
				INFOPLIST_KEY_UIApplicationSupportsIndirectInputEvents = YES;
				INFOPLIST_KEY_UILaunchScreen_Generation = YES;
				INFOPLIST_KEY_UISupportedInterfaceOrientations_iPad = "UIInterfaceOrientationPortrait UIInterfaceOrientationPortraitUpsideDown UIInterfaceOrientationLandscapeLeft UIInterfaceOrientationLandscapeRight";
				INFOPLIST_KEY_UISupportedInterfaceOrientations_iPhone = "UIInterfaceOrientationPortrait UIInterfaceOrientationLandscapeLeft UIInterfaceOrientationLandscapeRight";
				LD_RUNPATH_SEARCH_PATHS = (
					"$(inherited)",
					"@executable_path/Frameworks",
				);
				MARKETING_VERSION = 1.0;
				PRODUCT_BUNDLE_IDENTIFIER = Kamil.Rezerwacje;
				PRODUCT_NAME = "$(TARGET_NAME)";
				SWIFT_EMIT_LOC_STRINGS = YES;
				SWIFT_VERSION = 5.0;
				TARGETED_DEVICE_FAMILY = "1,2";
			};
			name = Release;
		};
		8E4373EF293D87A100379421 /* Debug */ = {
			isa = XCBuildConfiguration;
			buildSettings = {
				ALWAYS_EMBED_SWIFT_STANDARD_LIBRARIES = YES;
				BUNDLE_LOADER = "$(TEST_HOST)";
				CODE_SIGN_STYLE = Automatic;
				CURRENT_PROJECT_VERSION = 1;
				GENERATE_INFOPLIST_FILE = YES;
				IPHONEOS_DEPLOYMENT_TARGET = 16.1;
				MARKETING_VERSION = 1.0;
				PRODUCT_BUNDLE_IDENTIFIER = Kamil.RezerwacjeTests;
				PRODUCT_NAME = "$(TARGET_NAME)";
				SWIFT_EMIT_LOC_STRINGS = NO;
				SWIFT_VERSION = 5.0;
				TARGETED_DEVICE_FAMILY = "1,2";
				TEST_HOST = "$(BUILT_PRODUCTS_DIR)/Rezerwacje.app/$(BUNDLE_EXECUTABLE_FOLDER_PATH)/Rezerwacje";
			};
			name = Debug;
		};
		8E4373F0293D87A100379421 /* Release */ = {
			isa = XCBuildConfiguration;
			buildSettings = {
				ALWAYS_EMBED_SWIFT_STANDARD_LIBRARIES = YES;
				BUNDLE_LOADER = "$(TEST_HOST)";
				CODE_SIGN_STYLE = Automatic;
				CURRENT_PROJECT_VERSION = 1;
				GENERATE_INFOPLIST_FILE = YES;
				IPHONEOS_DEPLOYMENT_TARGET = 16.1;
				MARKETING_VERSION = 1.0;
				PRODUCT_BUNDLE_IDENTIFIER = Kamil.RezerwacjeTests;
				PRODUCT_NAME = "$(TARGET_NAME)";
				SWIFT_EMIT_LOC_STRINGS = NO;
				SWIFT_VERSION = 5.0;
				TARGETED_DEVICE_FAMILY = "1,2";
				TEST_HOST = "$(BUILT_PRODUCTS_DIR)/Rezerwacje.app/$(BUNDLE_EXECUTABLE_FOLDER_PATH)/Rezerwacje";
			};
			name = Release;
		};
		8E4373F2293D87A100379421 /* Debug */ = {
			isa = XCBuildConfiguration;
			buildSettings = {
				ALWAYS_EMBED_SWIFT_STANDARD_LIBRARIES = YES;
				CODE_SIGN_STYLE = Automatic;
				CURRENT_PROJECT_VERSION = 1;
				GENERATE_INFOPLIST_FILE = YES;
				MARKETING_VERSION = 1.0;
				PRODUCT_BUNDLE_IDENTIFIER = Kamil.RezerwacjeUITests;
				PRODUCT_NAME = "$(TARGET_NAME)";
				SWIFT_EMIT_LOC_STRINGS = NO;
				SWIFT_VERSION = 5.0;
				TARGETED_DEVICE_FAMILY = "1,2";
				TEST_TARGET_NAME = Rezerwacje;
			};
			name = Debug;
		};
		8E4373F3293D87A100379421 /* Release */ = {
			isa = XCBuildConfiguration;
			buildSettings = {
				ALWAYS_EMBED_SWIFT_STANDARD_LIBRARIES = YES;
				CODE_SIGN_STYLE = Automatic;
				CURRENT_PROJECT_VERSION = 1;
				GENERATE_INFOPLIST_FILE = YES;
				MARKETING_VERSION = 1.0;
				PRODUCT_BUNDLE_IDENTIFIER = Kamil.RezerwacjeUITests;
				PRODUCT_NAME = "$(TARGET_NAME)";
				SWIFT_EMIT_LOC_STRINGS = NO;
				SWIFT_VERSION = 5.0;
				TARGETED_DEVICE_FAMILY = "1,2";
				TEST_TARGET_NAME = Rezerwacje;
			};
			name = Release;
		};
/* End XCBuildConfiguration section */

/* Begin XCConfigurationList section */
		8E4373C2293D879E00379421 /* Build configuration list for PBXProject "Rezerwacje" */ = {
			isa = XCConfigurationList;
			buildConfigurations = (
				8E4373E9293D87A100379421 /* Debug */,
				8E4373EA293D87A100379421 /* Release */,
			);
			defaultConfigurationIsVisible = 0;
			defaultConfigurationName = Release;
		};
		8E4373EB293D87A100379421 /* Build configuration list for PBXNativeTarget "Rezerwacje" */ = {
			isa = XCConfigurationList;
			buildConfigurations = (
				8E4373EC293D87A100379421 /* Debug */,
				8E4373ED293D87A100379421 /* Release */,
			);
			defaultConfigurationIsVisible = 0;
			defaultConfigurationName = Release;
		};
		8E4373EE293D87A100379421 /* Build configuration list for PBXNativeTarget "RezerwacjeTests" */ = {
			isa = XCConfigurationList;
			buildConfigurations = (
				8E4373EF293D87A100379421 /* Debug */,
				8E4373F0293D87A100379421 /* Release */,
			);
			defaultConfigurationIsVisible = 0;
			defaultConfigurationName = Release;
		};
		8E4373F1293D87A100379421 /* Build configuration list for PBXNativeTarget "RezerwacjeUITests" */ = {
			isa = XCConfigurationList;
			buildConfigurations = (
				8E4373F2293D87A100379421 /* Debug */,
				8E4373F3293D87A100379421 /* Release */,
			);
			defaultConfigurationIsVisible = 0;
			defaultConfigurationName = Release;
		};
/* End XCConfigurationList section */
	};
	rootObject = 8E4373BF293D879E00379421 /* Project object */;
}
